
Microsoft Visual Studio Solution File, Format Version 12.00
# Visual Studio Version 16
VisualStudioVersion = 16.0.31129.286
MinimumVisualStudioVersion = 10.0.40219.1
Project("{FAE04EC0-301F-11D3-BF4B-00C04F79EFBC}") = "Le_nombre_magique", "Le_nombre_magique\Le_nombre_magique.csproj", "{F48591AA-B24C-4962-9F95-4571C801D762}"
EndProject
Global
	GlobalSection(SolutionConfigurationPlatforms) = preSolution
		Debug|Any CPU = Debug|Any CPU
		Release|Any CPU = Release|Any CPU
	EndGlobalSection
	GlobalSection(ProjectConfigurationPlatforms) = postSolution
		{F48591AA-B24C-4962-9F95-4571C801D762}.Debug|Any CPU.ActiveCfg = Debug|Any CPU
		{F48591AA-B24C-4962-9F95-4571C801D762}.Debug|Any CPU.Build.0 = Debug|Any CPU
		{F48591AA-B24C-4962-9F95-4571C801D762}.Release|Any CPU.ActiveCfg = Release|Any CPU
		{F48591AA-B24C-4962-9F95-4571C801D762}.Release|Any CPU.Build.0 = Release|Any CPU
	EndGlobalSection
	GlobalSection(SolutionProperties) = preSolution
		HideSolutionNode = FALSE
	EndGlobalSection
	GlobalSection(ExtensibilityGlobals) = postSolution
		SolutionGuid = {AC97323B-1E7A-4411-8122-A93F83DDFFED}
	EndGlobalSection
EndGlobal
